
Microsoft Visual Studio Solution File, Format Version 12.00
# Visual Studio 15
VisualStudioVersion = 15.0.26730.8
MinimumVisualStudioVersion = 10.0.40219.1
Project("{D954291E-2A0B-460D-934E-DC6B0785DB48}") = "HtmlParsingApp", "HtmlParsingApp\HtmlParsingApp\HtmlParsingApp.shproj", "{B2E33907-748C-4914-A9F7-7A4D554FA58F}"
EndProject
Project("{FAE04EC0-301F-11D3-BF4B-00C04F79EFBC}") = "HtmlParsingApp.Android", "HtmlParsingApp\HtmlParsingApp.Android\HtmlParsingApp.Android.csproj", "{765D53E8-64EF-4EBA-A7A6-AD57A9F351A7}"
EndProject
Project("{FAE04EC0-301F-11D3-BF4B-00C04F79EFBC}") = "HtmlParsingApp.iOS", "HtmlParsingApp\HtmlParsingApp.iOS\HtmlParsingApp.iOS.csproj", "{901DDE7E-E921-4A6C-809D-93A87462F747}"
EndProject
Project("{FAE04EC0-301F-11D3-BF4B-00C04F79EFBC}") = "HtmlParsingApp.UWP", "HtmlParsingApp\HtmlParsingApp.UWP\HtmlParsingApp.UWP.csproj", "{43C00490-BA29-403C-917E-8C46495AF218}"
EndProject
Global
	GlobalSection(SharedMSBuildProjectFiles) = preSolution
		HtmlParsingApp\HtmlParsingApp\HtmlParsingApp.projitems*{765d53e8-64ef-4eba-a7a6-ad57a9f351a7}*SharedItemsImports = 4
		HtmlParsingApp\HtmlParsingApp\HtmlParsingApp.projitems*{901dde7e-e921-4a6c-809d-93a87462f747}*SharedItemsImports = 4
		HtmlParsingApp\HtmlParsingApp\HtmlParsingApp.projitems*{b2e33907-748c-4914-a9f7-7a4d554fa58f}*SharedItemsImports = 13
	EndGlobalSection
	GlobalSection(SolutionConfigurationPlatforms) = preSolution
		Ad-Hoc|Any CPU = Ad-Hoc|Any CPU
		Ad-Hoc|ARM = Ad-Hoc|ARM
		Ad-Hoc|iPhone = Ad-Hoc|iPhone
		Ad-Hoc|iPhoneSimulator = Ad-Hoc|iPhoneSimulator
		Ad-Hoc|x64 = Ad-Hoc|x64
		Ad-Hoc|x86 = Ad-Hoc|x86
		AppStore|Any CPU = AppStore|Any CPU
		AppStore|ARM = AppStore|ARM
		AppStore|iPhone = AppStore|iPhone
		AppStore|iPhoneSimulator = AppStore|iPhoneSimulator
		AppStore|x64 = AppStore|x64
		AppStore|x86 = AppStore|x86
		Debug|Any CPU = Debug|Any CPU
		Debug|ARM = Debug|ARM
		Debug|iPhone = Debug|iPhone
		Debug|iPhoneSimulator = Debug|iPhoneSimulator
		Debug|x64 = Debug|x64
		Debug|x86 = Debug|x86
		Release|Any CPU = Release|Any CPU
		Release|ARM = Release|ARM
		Release|iPhone = Release|iPhone
		Release|iPhoneSimulator = Release|iPhoneSimulator
		Release|x64 = Release|x64
		Release|x86 = Release|x86
	EndGlobalSection
	GlobalSection(ProjectConfigurationPlatforms) = postSolution
		{765D53E8-64EF-4EBA-A7A6-AD57A9F351A7}.Ad-Hoc|Any CPU.ActiveCfg = Release|Any CPU
		{765D53E8-64EF-4EBA-A7A6-AD57A9F351A7}.Ad-Hoc|Any CPU.Build.0 = Release|Any CPU
		{765D53E8-64EF-4EBA-A7A6-AD57A9F351A7}.Ad-Hoc|Any CPU.Deploy.0 = Release|Any CPU
		{765D53E8-64EF-4EBA-A7A6-AD57A9F351A7}.Ad-Hoc|ARM.ActiveCfg = Release|Any CPU
		{765D53E8-64EF-4EBA-A7A6-AD57A9F351A7}.Ad-Hoc|ARM.Build.0 = Release|Any CPU
		{765D53E8-64EF-4EBA-A7A6-AD57A9F351A7}.Ad-Hoc|ARM.Deploy.0 = Release|Any CPU
		{765D53E8-64EF-4EBA-A7A6-AD57A9F351A7}.Ad-Hoc|iPhone.ActiveCfg = Release|Any CPU
		{765D53E8-64EF-4EBA-A7A6-AD57A9F351A7}.Ad-Hoc|iPhone.Build.0 = Release|Any CPU
		{765D53E8-64EF-4EBA-A7A6-AD57A9F351A7}.Ad-Hoc|iPhone.Deploy.0 = Release|Any CPU
		{765D53E8-64EF-4EBA-A7A6-AD57A9F351A7}.Ad-Hoc|iPhoneSimulator.ActiveCfg = Release|Any CPU
		{765D53E8-64EF-4EBA-A7A6-AD57A9F351A7}.Ad-Hoc|iPhoneSimulator.Build.0 = Release|Any CPU
		{765D53E8-64EF-4EBA-A7A6-AD57A9F351A7}.Ad-Hoc|iPhoneSimulator.Deploy.0 = Release|Any CPU
		{765D53E8-64EF-4EBA-A7A6-AD57A9F351A7}.Ad-Hoc|x64.ActiveCfg = Release|Any CPU
		{765D53E8-64EF-4EBA-A7A6-AD57A9F351A7}.Ad-Hoc|x64.Build.0 = Release|Any CPU
		{765D53E8-64EF-4EBA-A7A6-AD57A9F351A7}.Ad-Hoc|x64.Deploy.0 = Release|Any CPU
		{765D53E8-64EF-4EBA-A7A6-AD57A9F351A7}.Ad-Hoc|x86.ActiveCfg = Release|Any CPU
		{765D53E8-64EF-4EBA-A7A6-AD57A9F351A7}.Ad-Hoc|x86.Build.0 = Release|Any CPU
		{765D53E8-64EF-4EBA-A7A6-AD57A9F351A7}.Ad-Hoc|x86.Deploy.0 = Release|Any CPU
		{765D53E8-64EF-4EBA-A7A6-AD57A9F351A7}.AppStore|Any CPU.ActiveCfg = Release|Any CPU
		{765D53E8-64EF-4EBA-A7A6-AD57A9F351A7}.AppStore|Any CPU.Build.0 = Release|Any CPU
		{765D53E8-64EF-4EBA-A7A6-AD57A9F351A7}.AppStore|Any CPU.Deploy.0 = Release|Any CPU
		{765D53E8-64EF-4EBA-A7A6-AD57A9F351A7}.AppStore|ARM.ActiveCfg = Release|Any CPU
		{765D53E8-64EF-4EBA-A7A6-AD57A9F351A7}.AppStore|ARM.Build.0 = Release|Any CPU
		{765D53E8-64EF-4EBA-A7A6-AD57A9F351A7}.AppStore|ARM.Deploy.0 = Release|Any CPU
		{765D53E8-64EF-4EBA-A7A6-AD57A9F351A7}.AppStore|iPhone.ActiveCfg = Release|Any CPU
		{765D53E8-64EF-4EBA-A7A6-AD57A9F351A7}.AppStore|iPhone.Build.0 = Release|Any CPU
		{765D53E8-64EF-4EBA-A7A6-AD57A9F351A7}.AppStore|iPhone.Deploy.0 = Release|Any CPU
		{765D53E8-64EF-4EBA-A7A6-AD57A9F351A7}.AppStore|iPhoneSimulator.ActiveCfg = Release|Any CPU
		{765D53E8-64EF-4EBA-A7A6-AD57A9F351A7}.AppStore|iPhoneSimulator.Build.0 = Release|Any CPU
		{765D53E8-64EF-4EBA-A7A6-AD57A9F351A7}.AppStore|iPhoneSimulator.Deploy.0 = Release|Any CPU
		{765D53E8-64EF-4EBA-A7A6-AD57A9F351A7}.AppStore|x64.ActiveCfg = Release|Any CPU
		{765D53E8-64EF-4EBA-A7A6-AD57A9F351A7}.AppStore|x64.Build.0 = Release|Any CPU
		{765D53E8-64EF-4EBA-A7A6-AD57A9F351A7}.AppStore|x64.Deploy.0 = Release|Any CPU
		{765D53E8-64EF-4EBA-A7A6-AD57A9F351A7}.AppStore|x86.ActiveCfg = Release|Any CPU
		{765D53E8-64EF-4EBA-A7A6-AD57A9F351A7}.AppStore|x86.Build.0 = Release|Any CPU
		{765D53E8-64EF-4EBA-A7A6-AD57A9F351A7}.AppStore|x86.Deploy.0 = Release|Any CPU
		{765D53E8-64EF-4EBA-A7A6-AD57A9F351A7}.Debug|Any CPU.ActiveCfg = Debug|Any CPU
		{765D53E8-64EF-4EBA-A7A6-AD57A9F351A7}.Debug|Any CPU.Build.0 = Debug|Any CPU
		{765D53E8-64EF-4EBA-A7A6-AD57A9F351A7}.Debug|Any CPU.Deploy.0 = Debug|Any CPU
		{765D53E8-64EF-4EBA-A7A6-AD57A9F351A7}.Debug|ARM.ActiveCfg = Debug|Any CPU
		{765D53E8-64EF-4EBA-A7A6-AD57A9F351A7}.Debug|ARM.Build.0 = Debug|Any CPU
		{765D53E8-64EF-4EBA-A7A6-AD57A9F351A7}.Debug|ARM.Deploy.0 = Debug|Any CPU
		{765D53E8-64EF-4EBA-A7A6-AD57A9F351A7}.Debug|iPhone.ActiveCfg = Debug|Any CPU
		{765D53E8-64EF-4EBA-A7A6-AD57A9F351A7}.Debug|iPhone.Build.0 = Debug|Any CPU
		{765D53E8-64EF-4EBA-A7A6-AD57A9F351A7}.Debug|iPhone.Deploy.0 = Debug|Any CPU
		{765D53E8-64EF-4EBA-A7A6-AD57A9F351A7}.Debug|iPhoneSimulator.ActiveCfg = Debug|Any CPU
		{765D53E8-64EF-4EBA-A7A6-AD57A9F351A7}.Debug|iPhoneSimulator.Build.0 = Debug|Any CPU
		{765D53E8-64EF-4EBA-A7A6-AD57A9F351A7}.Debug|iPhoneSimulator.Deploy.0 = Debug|Any CPU
		{765D53E8-64EF-4EBA-A7A6-AD57A9F351A7}.Debug|x64.ActiveCfg = Debug|Any CPU
		{765D53E8-64EF-4EBA-A7A6-AD57A9F351A7}.Debug|x64.Build.0 = Debug|Any CPU
		{765D53E8-64EF-4EBA-A7A6-AD57A9F351A7}.Debug|x64.Deploy.0 = Debug|Any CPU
		{765D53E8-64EF-4EBA-A7A6-AD57A9F351A7}.Debug|x86.ActiveCfg = Debug|Any CPU
		{765D53E8-64EF-4EBA-A7A6-AD57A9F351A7}.Debug|x86.Build.0 = Debug|Any CPU
		{765D53E8-64EF-4EBA-A7A6-AD57A9F351A7}.Debug|x86.Deploy.0 = Debug|Any CPU
		{765D53E8-64EF-4EBA-A7A6-AD57A9F351A7}.Release|Any CPU.ActiveCfg = Release|Any CPU
		{765D53E8-64EF-4EBA-A7A6-AD57A9F351A7}.Release|Any CPU.Build.0 = Release|Any CPU
		{765D53E8-64EF-4EBA-A7A6-AD57A9F351A7}.Release|Any CPU.Deploy.0 = Release|Any CPU
		{765D53E8-64EF-4EBA-A7A6-AD57A9F351A7}.Release|ARM.ActiveCfg = Release|Any CPU
		{765D53E8-64EF-4EBA-A7A6-AD57A9F351A7}.Release|ARM.Build.0 = Release|Any CPU
		{765D53E8-64EF-4EBA-A7A6-AD57A9F351A7}.Release|ARM.Deploy.0 = Release|Any CPU
		{765D53E8-64EF-4EBA-A7A6-AD57A9F351A7}.Release|iPhone.ActiveCfg = Release|Any CPU
		{765D53E8-64EF-4EBA-A7A6-AD57A9F351A7}.Release|iPhone.Build.0 = Release|Any CPU
		{765D53E8-64EF-4EBA-A7A6-AD57A9F351A7}.Release|iPhone.Deploy.0 = Release|Any CPU
		{765D53E8-64EF-4EBA-A7A6-AD57A9F351A7}.Release|iPhoneSimulator.ActiveCfg = Release|Any CPU
		{765D53E8-64EF-4EBA-A7A6-AD57A9F351A7}.Release|iPhoneSimulator.Build.0 = Release|Any CPU
		{765D53E8-64EF-4EBA-A7A6-AD57A9F351A7}.Release|iPhoneSimulator.Deploy.0 = Release|Any CPU
		{765D53E8-64EF-4EBA-A7A6-AD57A9F351A7}.Release|x64.ActiveCfg = Release|Any CPU
		{765D53E8-64EF-4EBA-A7A6-AD57A9F351A7}.Release|x64.Build.0 = Release|Any CPU
		{765D53E8-64EF-4EBA-A7A6-AD57A9F351A7}.Release|x64.Deploy.0 = Release|Any CPU
		{765D53E8-64EF-4EBA-A7A6-AD57A9F351A7}.Release|x86.ActiveCfg = Release|Any CPU
		{765D53E8-64EF-4EBA-A7A6-AD57A9F351A7}.Release|x86.Build.0 = Release|Any CPU
		{765D53E8-64EF-4EBA-A7A6-AD57A9F351A7}.Release|x86.Deploy.0 = Release|Any CPU
		{901DDE7E-E921-4A6C-809D-93A87462F747}.Ad-Hoc|Any CPU.ActiveCfg = Ad-Hoc|iPhone
		{901DDE7E-E921-4A6C-809D-93A87462F747}.Ad-Hoc|ARM.ActiveCfg = Ad-Hoc|iPhone
		{901DDE7E-E921-4A6C-809D-93A87462F747}.Ad-Hoc|iPhone.ActiveCfg = Ad-Hoc|iPhone
		{901DDE7E-E921-4A6C-809D-93A87462F747}.Ad-Hoc|iPhone.Build.0 = Ad-Hoc|iPhone
		{901DDE7E-E921-4A6C-809D-93A87462F747}.Ad-Hoc|iPhoneSimulator.ActiveCfg = Ad-Hoc|iPhoneSimulator
		{901DDE7E-E921-4A6C-809D-93A87462F747}.Ad-Hoc|iPhoneSimulator.Build.0 = Ad-Hoc|iPhoneSimulator
		{901DDE7E-E921-4A6C-809D-93A87462F747}.Ad-Hoc|x64.ActiveCfg = Ad-Hoc|iPhone
		{901DDE7E-E921-4A6C-809D-93A87462F747}.Ad-Hoc|x86.ActiveCfg = Ad-Hoc|iPhone
		{901DDE7E-E921-4A6C-809D-93A87462F747}.AppStore|Any CPU.ActiveCfg = AppStore|iPhone
		{901DDE7E-E921-4A6C-809D-93A87462F747}.AppStore|ARM.ActiveCfg = AppStore|iPhone
		{901DDE7E-E921-4A6C-809D-93A87462F747}.AppStore|iPhone.ActiveCfg = AppStore|iPhone
		{901DDE7E-E921-4A6C-809D-93A87462F747}.AppStore|iPhone.Build.0 = AppStore|iPhone
		{901DDE7E-E921-4A6C-809D-93A87462F747}.AppStore|iPhoneSimulator.ActiveCfg = AppStore|iPhoneSimulator
		{901DDE7E-E921-4A6C-809D-93A87462F747}.AppStore|iPhoneSimulator.Build.0 = AppStore|iPhoneSimulator
		{901DDE7E-E921-4A6C-809D-93A87462F747}.AppStore|x64.ActiveCfg = AppStore|iPhone
		{901DDE7E-E921-4A6C-809D-93A87462F747}.AppStore|x86.ActiveCfg = AppStore|iPhone
		{901DDE7E-E921-4A6C-809D-93A87462F747}.Debug|Any CPU.ActiveCfg = Debug|iPhone
		{901DDE7E-E921-4A6C-809D-93A87462F747}.Debug|ARM.ActiveCfg = Debug|iPhone
		{901DDE7E-E921-4A6C-809D-93A87462F747}.Debug|iPhone.ActiveCfg = Debug|iPhone
		{901DDE7E-E921-4A6C-809D-93A87462F747}.Debug|iPhone.Build.0 = Debug|iPhone
		{901DDE7E-E921-4A6C-809D-93A87462F747}.Debug|iPhoneSimulator.ActiveCfg = Debug|iPhoneSimulator
		{901DDE7E-E921-4A6C-809D-93A87462F747}.Debug|iPhoneSimulator.Build.0 = Debug|iPhoneSimulator
		{901DDE7E-E921-4A6C-809D-93A87462F747}.Debug|x64.ActiveCfg = Debug|iPhone
		{901DDE7E-E921-4A6C-809D-93A87462F747}.Debug|x86.ActiveCfg = Debug|iPhone
		{901DDE7E-E921-4A6C-809D-93A87462F747}.Release|Any CPU.ActiveCfg = Release|iPhone
		{901DDE7E-E921-4A6C-809D-93A87462F747}.Release|ARM.ActiveCfg = Release|iPhone
		{901DDE7E-E921-4A6C-809D-93A87462F747}.Release|iPhone.ActiveCfg = Release|iPhone
		{901DDE7E-E921-4A6C-809D-93A87462F747}.Release|iPhone.Build.0 = Release|iPhone
		{901DDE7E-E921-4A6C-809D-93A87462F747}.Release|iPhoneSimulator.ActiveCfg = Release|iPhoneSimulator
		{901DDE7E-E921-4A6C-809D-93A87462F747}.Release|iPhoneSimulator.Build.0 = Release|iPhoneSimulator
		{901DDE7E-E921-4A6C-809D-93A87462F747}.Release|x64.ActiveCfg = Release|iPhone
		{901DDE7E-E921-4A6C-809D-93A87462F747}.Release|x86.ActiveCfg = Release|iPhone
		{43C00490-BA29-403C-917E-8C46495AF218}.Ad-Hoc|Any CPU.ActiveCfg = Release|x86
		{43C00490-BA29-403C-917E-8C46495AF218}.Ad-Hoc|Any CPU.Build.0 = Release|x86
		{43C00490-BA29-403C-917E-8C46495AF218}.Ad-Hoc|Any CPU.Deploy.0 = Release|x86
		{43C00490-BA29-403C-917E-8C46495AF218}.Ad-Hoc|ARM.ActiveCfg = Release|ARM
		{43C00490-BA29-403C-917E-8C46495AF218}.Ad-Hoc|ARM.Build.0 = Release|ARM
		{43C00490-BA29-403C-917E-8C46495AF218}.Ad-Hoc|ARM.Deploy.0 = Release|ARM
		{43C00490-BA29-403C-917E-8C46495AF218}.Ad-Hoc|iPhone.ActiveCfg = Release|x86
		{43C00490-BA29-403C-917E-8C46495AF218}.Ad-Hoc|iPhone.Build.0 = Release|x86
		{43C00490-BA29-403C-917E-8C46495AF218}.Ad-Hoc|iPhone.Deploy.0 = Release|x86
		{43C00490-BA29-403C-917E-8C46495AF218}.Ad-Hoc|iPhoneSimulator.ActiveCfg = Release|x86
		{43C00490-BA29-403C-917E-8C46495AF218}.Ad-Hoc|iPhoneSimulator.Build.0 = Release|x86
		{43C00490-BA29-403C-917E-8C46495AF218}.Ad-Hoc|iPhoneSimulator.Deploy.0 = Release|x86
		{43C00490-BA29-403C-917E-8C46495AF218}.Ad-Hoc|x64.ActiveCfg = Release|x64
		{43C00490-BA29-403C-917E-8C46495AF218}.Ad-Hoc|x64.Build.0 = Release|x64
		{43C00490-BA29-403C-917E-8C46495AF218}.Ad-Hoc|x64.Deploy.0 = Release|x64
		{43C00490-BA29-403C-917E-8C46495AF218}.Ad-Hoc|x86.ActiveCfg = Release|x86
		{43C00490-BA29-403C-917E-8C46495AF218}.Ad-Hoc|x86.Build.0 = Release|x86
		{43C00490-BA29-403C-917E-8C46495AF218}.Ad-Hoc|x86.Deploy.0 = Release|x86
		{43C00490-BA29-403C-917E-8C46495AF218}.AppStore|Any CPU.ActiveCfg = Release|x86
		{43C00490-BA29-403C-917E-8C46495AF218}.AppStore|Any CPU.Build.0 = Release|x86
		{43C00490-BA29-403C-917E-8C46495AF218}.AppStore|Any CPU.Deploy.0 = Release|x86
		{43C00490-BA29-403C-917E-8C46495AF218}.AppStore|ARM.ActiveCfg = Release|ARM
		{43C00490-BA29-403C-917E-8C46495AF218}.AppStore|ARM.Build.0 = Release|ARM
		{43C00490-BA29-403C-917E-8C46495AF218}.AppStore|ARM.Deploy.0 = Release|ARM
		{43C00490-BA29-403C-917E-8C46495AF218}.AppStore|iPhone.ActiveCfg = Release|x86
		{43C00490-BA29-403C-917E-8C46495AF218}.AppStore|iPhone.Build.0 = Release|x86
		{43C00490-BA29-403C-917E-8C46495AF218}.AppStore|iPhone.Deploy.0 = Release|x86
		{43C00490-BA29-403C-917E-8C46495AF218}.AppStore|iPhoneSimulator.ActiveCfg = Release|x86
		{43C00490-BA29-403C-917E-8C46495AF218}.AppStore|iPhoneSimulator.Build.0 = Release|x86
		{43C00490-BA29-403C-917E-8C46495AF218}.AppStore|iPhoneSimulator.Deploy.0 = Release|x86
		{43C00490-BA29-403C-917E-8C46495AF218}.AppStore|x64.ActiveCfg = Release|x64
		{43C00490-BA29-403C-917E-8C46495AF218}.AppStore|x64.Build.0 = Release|x64
		{43C00490-BA29-403C-917E-8C46495AF218}.AppStore|x64.Deploy.0 = Release|x64
		{43C00490-BA29-403C-917E-8C46495AF218}.AppStore|x86.ActiveCfg = Release|x86
		{43C00490-BA29-403C-917E-8C46495AF218}.AppStore|x86.Build.0 = Release|x86
		{43C00490-BA29-403C-917E-8C46495AF218}.AppStore|x86.Deploy.0 = Release|x86
		{43C00490-BA29-403C-917E-8C46495AF218}.Debug|Any CPU.ActiveCfg = Debug|x86
		{43C00490-BA29-403C-917E-8C46495AF218}.Debug|ARM.ActiveCfg = Debug|ARM
		{43C00490-BA29-403C-917E-8C46495AF218}.Debug|ARM.Build.0 = Debug|ARM
		{43C00490-BA29-403C-917E-8C46495AF218}.Debug|ARM.Deploy.0 = Debug|ARM
		{43C00490-BA29-403C-917E-8C46495AF218}.Debug|iPhone.ActiveCfg = Debug|x86
		{43C00490-BA29-403C-917E-8C46495AF218}.Debug|iPhoneSimulator.ActiveCfg = Debug|x86
		{43C00490-BA29-403C-917E-8C46495AF218}.Debug|x64.ActiveCfg = Debug|x64
		{43C00490-BA29-403C-917E-8C46495AF218}.Debug|x64.Build.0 = Debug|x64
		{43C00490-BA29-403C-917E-8C46495AF218}.Debug|x64.Deploy.0 = Debug|x64
		{43C00490-BA29-403C-917E-8C46495AF218}.Debug|x86.ActiveCfg = Debug|x86
		{43C00490-BA29-403C-917E-8C46495AF218}.Debug|x86.Build.0 = Debug|x86
		{43C00490-BA29-403C-917E-8C46495AF218}.Debug|x86.Deploy.0 = Debug|x86
		{43C00490-BA29-403C-917E-8C46495AF218}.Release|Any CPU.ActiveCfg = Release|x86
		{43C00490-BA29-403C-917E-8C46495AF218}.Release|ARM.ActiveCfg = Release|ARM
		{43C00490-BA29-403C-917E-8C46495AF218}.Release|ARM.Build.0 = Release|ARM
		{43C00490-BA29-403C-917E-8C46495AF218}.Release|ARM.Deploy.0 = Release|ARM
		{43C00490-BA29-403C-917E-8C46495AF218}.Release|iPhone.ActiveCfg = Release|x86
		{43C00490-BA29-403C-917E-8C46495AF218}.Release|iPhoneSimulator.ActiveCfg = Release|x86
		{43C00490-BA29-403C-917E-8C46495AF218}.Release|x64.ActiveCfg = Release|x64
		{43C00490-BA29-403C-917E-8C46495AF218}.Release|x64.Build.0 = Release|x64
		{43C00490-BA29-403C-917E-8C46495AF218}.Release|x64.Deploy.0 = Release|x64
		{43C00490-BA29-403C-917E-8C46495AF218}.Release|x86.ActiveCfg = Release|x86
		{43C00490-BA29-403C-917E-8C46495AF218}.Release|x86.Build.0 = Release|x86
		{43C00490-BA29-403C-917E-8C46495AF218}.Release|x86.Deploy.0 = Release|x86
	EndGlobalSection
	GlobalSection(SolutionProperties) = preSolution
		HideSolutionNode = FALSE
	EndGlobalSection
	GlobalSection(ExtensibilityGlobals) = postSolution
		SolutionGuid = {BBDDE216-1A83-4392-9A50-528923CC67E5}
	EndGlobalSection
EndGlobal
